
Microsoft Visual Studio Solution File, Format Version 12.00
# Visual Studio Version 17
VisualStudioVersion = 17.5.33516.290
MinimumVisualStudioVersion = 10.0.40219.1
Project("{FAE04EC0-301F-11D3-BF4B-00C04F79EFBC}") = "Backend.Core", "Backend.Core\Backend.Core.csproj", "{1083E9A6-0A19-4E86-B226-A563953FE7D7}"
EndProject
Project("{FAE04EC0-301F-11D3-BF4B-00C04F79EFBC}") = "Backend.Infrastructure", "Backend.Infrastructure\Backend.Infrastructure.csproj", "{F78B5D68-D7AE-4475-A5AA-3A886F7C4725}"
EndProject
Project("{FAE04EC0-301F-11D3-BF4B-00C04F79EFBC}") = "Backend.Api", "Backend.Api\Backend.Api.csproj", "{B77E0555-79B8-4048-9B09-CF9D32FAEC33}"
EndProject
Project("{FAE04EC0-301F-11D3-BF4B-00C04F79EFBC}") = "Backend.Domain", "Backend.Domain\Backend.Domain.csproj", "{45F7E83F-78F5-48F9-BA6E-7004229A17ED}"
EndProject
Project("{FAE04EC0-301F-11D3-BF4B-00C04F79EFBC}") = "Backend.Tests", "Backend.Tests\Backend.Tests.csproj", "{EE5AA134-1062-4969-BFA9-FD34BD18F612}"
EndProject
Project("{FAE04EC0-301F-11D3-BF4B-00C04F79EFBC}") = "poijds", "poijds\poijds.csproj", "{8CFA96B5-775A-460B-9F03-ECECE2452C7F}"
EndProject
Global
	GlobalSection(SolutionConfigurationPlatforms) = preSolution
		Debug|Any CPU = Debug|Any CPU
		Release|Any CPU = Release|Any CPU
	EndGlobalSection
	GlobalSection(ProjectConfigurationPlatforms) = postSolution
		{1083E9A6-0A19-4E86-B226-A563953FE7D7}.Debug|Any CPU.ActiveCfg = Debug|Any CPU
		{1083E9A6-0A19-4E86-B226-A563953FE7D7}.Debug|Any CPU.Build.0 = Debug|Any CPU
		{1083E9A6-0A19-4E86-B226-A563953FE7D7}.Release|Any CPU.ActiveCfg = Release|Any CPU
		{1083E9A6-0A19-4E86-B226-A563953FE7D7}.Release|Any CPU.Build.0 = Release|Any CPU
		{F78B5D68-D7AE-4475-A5AA-3A886F7C4725}.Debug|Any CPU.ActiveCfg = Debug|Any CPU
		{F78B5D68-D7AE-4475-A5AA-3A886F7C4725}.Debug|Any CPU.Build.0 = Debug|Any CPU
		{F78B5D68-D7AE-4475-A5AA-3A886F7C4725}.Release|Any CPU.ActiveCfg = Release|Any CPU
		{F78B5D68-D7AE-4475-A5AA-3A886F7C4725}.Release|Any CPU.Build.0 = Release|Any CPU
		{B77E0555-79B8-4048-9B09-CF9D32FAEC33}.Debug|Any CPU.ActiveCfg = Debug|Any CPU
		{B77E0555-79B8-4048-9B09-CF9D32FAEC33}.Debug|Any CPU.Build.0 = Debug|Any CPU
		{B77E0555-79B8-4048-9B09-CF9D32FAEC33}.Release|Any CPU.ActiveCfg = Release|Any CPU
		{B77E0555-79B8-4048-9B09-CF9D32FAEC33}.Release|Any CPU.Build.0 = Release|Any CPU
		{45F7E83F-78F5-48F9-BA6E-7004229A17ED}.Debug|Any CPU.ActiveCfg = Debug|Any CPU
		{45F7E83F-78F5-48F9-BA6E-7004229A17ED}.Debug|Any CPU.Build.0 = Debug|Any CPU
		{45F7E83F-78F5-48F9-BA6E-7004229A17ED}.Release|Any CPU.ActiveCfg = Release|Any CPU
		{45F7E83F-78F5-48F9-BA6E-7004229A17ED}.Release|Any CPU.Build.0 = Release|Any CPU
		{EE5AA134-1062-4969-BFA9-FD34BD18F612}.Debug|Any CPU.ActiveCfg = Debug|Any CPU
		{EE5AA134-1062-4969-BFA9-FD34BD18F612}.Debug|Any CPU.Build.0 = Debug|Any CPU
		{EE5AA134-1062-4969-BFA9-FD34BD18F612}.Release|Any CPU.ActiveCfg = Release|Any CPU
		{EE5AA134-1062-4969-BFA9-FD34BD18F612}.Release|Any CPU.Build.0 = Release|Any CPU
		{8CFA96B5-775A-460B-9F03-ECECE2452C7F}.Debug|Any CPU.ActiveCfg = Debug|Any CPU
		{8CFA96B5-775A-460B-9F03-ECECE2452C7F}.Debug|Any CPU.Build.0 = Debug|Any CPU
		{8CFA96B5-775A-460B-9F03-ECECE2452C7F}.Release|Any CPU.ActiveCfg = Release|Any CPU
		{8CFA96B5-775A-460B-9F03-ECECE2452C7F}.Release|Any CPU.Build.0 = Release|Any CPU
	EndGlobalSection
	GlobalSection(SolutionProperties) = preSolution
		HideSolutionNode = FALSE
	EndGlobalSection
	GlobalSection(ExtensibilityGlobals) = postSolution
		SolutionGuid = {0014503C-4A9B-4312-A4C6-6BAF2D73302D}
	EndGlobalSection
EndGlobal
